{
  "name": "gif-maker",
  "requires": true,
  "lockfileVersion": 1,
  "dependencies": {
    "datauri": {
      "version": "2.0.0",
      "resolved": "https://registry.npmjs.org/datauri/-/datauri-2.0.0.tgz",
      "integrity": "sha512-zS2HSf9pI5XPlNZgIqJg/wCJpecgU/HA6E/uv2EfaWnW1EiTGLfy/EexTIsC9c99yoCOTXlqeeWk4FkCSuO3/g==",
      "requires": {
        "image-size": "^0.7.3",
        "mimer": "^1.0.0"
      }
    },
    "image-size": {
      "version": "0.7.4",
      "resolved": "https://registry.npmjs.org/image-size/-/image-size-0.7.4.tgz",
      "integrity": "sha512-GqPgxs+VkOr12aWwjSkyRzf5atzObWpFtiRuDgxCl2I/SDpZOKZFRD3iIAeAN6/usmn8SeLWRt7a8JRYK0Whbw=="
    },
    "mimer": {
      "version": "1.0.0",
      "resolved": "https://registry.npmjs.org/mimer/-/mimer-1.0.0.tgz",
      "integrity": "sha512-4ZJvCzfcwsBgPbkKXUzGoVZMWjv8IDIygkGzVc7uUYhgnK0t2LmGxxjdgH1i+pn0/KQfB5F/VKUJlfyTSOFQjg=="
    }
  }
}
